
Microsoft Visual Studio Solution File, Format Version 12.00
# Visual Studio Version 16
VisualStudioVersion = 16.0.31129.286
MinimumVisualStudioVersion = 10.0.40219.1
Project("{9A19103F-16F7-4668-BE54-9A1E7A4F7556}") = "AutoBenchmark", "AutoBenchmark\AutoBenchmark.csproj", "{0BDF229F-D420-499E-BCFC-99B38E8B13F3}"
EndProject
Project("{8BC9CEB8-8B4A-11D0-8D11-00A0C91BC942}") = "SDK.GCP", "SDK.GCP\SDK.GCP.vcxproj", "{297FC594-98F8-44A8-884E-758A3DC864D5}"
EndProject
Project("{8BC9CEB8-8B4A-11D0-8D11-00A0C91BC942}") = "SDK.PCP", "SDK.PCP\SDK.PCP.vcxproj", "{BDF8E703-7CD6-4A84-AFC0-28EDFCEF7A33}"
EndProject
Project("{8BC9CEB8-8B4A-11D0-8D11-00A0C91BC942}") = "SDK.RWA", "SDK.RWA\SDK.RWA.vcxproj", "{CC6F384F-5890-450D-AEF2-8BCBC807A496}"
EndProject
Project("{8BC9CEB8-8B4A-11D0-8D11-00A0C91BC942}") = "SDK.FJSP", "SDK.FJSP\SDK.FJSP.vcxproj", "{C419A2DE-1359-4A93-9030-A5F22019915A}"
EndProject
Project("{8BC9CEB8-8B4A-11D0-8D11-00A0C91BC942}") = "SDK.VRPTW2d", "SDK.VRPTW2d\SDK.VRPTW2d.vcxproj", "{F2B33B49-4295-4E9D-810D-B82BEC95B4A0}"
EndProject
Project("{8BC9CEB8-8B4A-11D0-8D11-00A0C91BC942}") = "SDK.RPP", "SDK.RPP\SDK.RPP.vcxproj", "{B0FFBE75-A3F3-4417-A65D-37636E56F392}"
EndProject
Project("{8BC9CEB8-8B4A-11D0-8D11-00A0C91BC942}") = "SDK.OARSMT", "SDK.OARSMT\SDK.OARSMT.vcxproj", "{FC26F660-312C-4D45-B2BD-AC868F9F0218}"
EndProject
Project("{8BC9CEB8-8B4A-11D0-8D11-00A0C91BC942}") = "SDK.DFVSP", "SDK.DFVSP\SDK.DFVSP.vcxproj", "{1DCE3455-FCC1-4483-8FEE-CC32DBC52FEB}"
EndProject
Project("{8BC9CEB8-8B4A-11D0-8D11-00A0C91BC942}") = "SDK.MCDSP", "SDK.MCDSP\SDK.MCDSP.vcxproj", "{7EED456F-653A-4E7A-BD9A-6A330E7D8F48}"
EndProject
Project("{8BC9CEB8-8B4A-11D0-8D11-00A0C91BC942}") = "SDK.PECCP", "SDK.PECCP\SDK.PECCP.vcxproj", "{D605DCBE-6C7D-4BF6-B825-C889864B8035}"
EndProject
Project("{8BC9CEB8-8B4A-11D0-8D11-00A0C91BC942}") = "AutoBenchmark.Util", "AutoBenchmark.Util\AutoBenchmark.Util.vcxproj", "{BD49A985-BD46-4BBE-B4CC-5B239556DB7B}"
EndProject
Project("{8BC9CEB8-8B4A-11D0-8D11-00A0C91BC942}") = "SDK.DARP2d", "SDK.DARP2d\SDK.DARP2d.vcxproj", "{CDDFB4D1-AD7E-4511-9D48-A5FD16E8F2FF}"
EndProject
Global
	GlobalSection(SolutionConfigurationPlatforms) = preSolution
		Debug|Any CPU = Debug|Any CPU
		Debug|x64 = Debug|x64
		Debug|x86 = Debug|x86
		Release|Any CPU = Release|Any CPU
		Release|x64 = Release|x64
		Release|x86 = Release|x86
	EndGlobalSection
	GlobalSection(ProjectConfigurationPlatforms) = postSolution
		{0BDF229F-D420-499E-BCFC-99B38E8B13F3}.Debug|Any CPU.ActiveCfg = Debug|Any CPU
		{0BDF229F-D420-499E-BCFC-99B38E8B13F3}.Debug|Any CPU.Build.0 = Debug|Any CPU
		{0BDF229F-D420-499E-BCFC-99B38E8B13F3}.Debug|x64.ActiveCfg = Debug|Any CPU
		{0BDF229F-D420-499E-BCFC-99B38E8B13F3}.Debug|x64.Build.0 = Debug|Any CPU
		{0BDF229F-D420-499E-BCFC-99B38E8B13F3}.Debug|x86.ActiveCfg = Debug|Any CPU
		{0BDF229F-D420-499E-BCFC-99B38E8B13F3}.Debug|x86.Build.0 = Debug|Any CPU
		{0BDF229F-D420-499E-BCFC-99B38E8B13F3}.Release|Any CPU.ActiveCfg = Release|Any CPU
		{0BDF229F-D420-499E-BCFC-99B38E8B13F3}.Release|Any CPU.Build.0 = Release|Any CPU
		{0BDF229F-D420-499E-BCFC-99B38E8B13F3}.Release|x64.ActiveCfg = Release|Any CPU
		{0BDF229F-D420-499E-BCFC-99B38E8B13F3}.Release|x64.Build.0 = Release|Any CPU
		{0BDF229F-D420-499E-BCFC-99B38E8B13F3}.Release|x86.ActiveCfg = Release|Any CPU
		{0BDF229F-D420-499E-BCFC-99B38E8B13F3}.Release|x86.Build.0 = Release|Any CPU
		{297FC594-98F8-44A8-884E-758A3DC864D5}.Debug|Any CPU.ActiveCfg = Debug|Win32
		{297FC594-98F8-44A8-884E-758A3DC864D5}.Debug|x64.ActiveCfg = Debug|x64
		{297FC594-98F8-44A8-884E-758A3DC864D5}.Debug|x64.Build.0 = Debug|x64
		{297FC594-98F8-44A8-884E-758A3DC864D5}.Debug|x86.ActiveCfg = Debug|Win32
		{297FC594-98F8-44A8-884E-758A3DC864D5}.Debug|x86.Build.0 = Debug|Win32
		{297FC594-98F8-44A8-884E-758A3DC864D5}.Release|Any CPU.ActiveCfg = Release|Win32
		{297FC594-98F8-44A8-884E-758A3DC864D5}.Release|x64.ActiveCfg = Release|x64
		{297FC594-98F8-44A8-884E-758A3DC864D5}.Release|x64.Build.0 = Release|x64
		{297FC594-98F8-44A8-884E-758A3DC864D5}.Release|x86.ActiveCfg = Release|Win32
		{297FC594-98F8-44A8-884E-758A3DC864D5}.Release|x86.Build.0 = Release|Win32
		{BDF8E703-7CD6-4A84-AFC0-28EDFCEF7A33}.Debug|Any CPU.ActiveCfg = Debug|Win32
		{BDF8E703-7CD6-4A84-AFC0-28EDFCEF7A33}.Debug|x64.ActiveCfg = Debug|x64
		{BDF8E703-7CD6-4A84-AFC0-28EDFCEF7A33}.Debug|x64.Build.0 = Debug|x64
		{BDF8E703-7CD6-4A84-AFC0-28EDFCEF7A33}.Debug|x86.ActiveCfg = Debug|Win32
		{BDF8E703-7CD6-4A84-AFC0-28EDFCEF7A33}.Debug|x86.Build.0 = Debug|Win32
		{BDF8E703-7CD6-4A84-AFC0-28EDFCEF7A33}.Release|Any CPU.ActiveCfg = Release|Win32
		{BDF8E703-7CD6-4A84-AFC0-28EDFCEF7A33}.Release|x64.ActiveCfg = Release|x64
		{BDF8E703-7CD6-4A84-AFC0-28EDFCEF7A33}.Release|x64.Build.0 = Release|x64
		{BDF8E703-7CD6-4A84-AFC0-28EDFCEF7A33}.Release|x86.ActiveCfg = Release|Win32
		{BDF8E703-7CD6-4A84-AFC0-28EDFCEF7A33}.Release|x86.Build.0 = Release|Win32
		{CC6F384F-5890-450D-AEF2-8BCBC807A496}.Debug|Any CPU.ActiveCfg = Debug|Win32
		{CC6F384F-5890-450D-AEF2-8BCBC807A496}.Debug|x64.ActiveCfg = Debug|x64
		{CC6F384F-5890-450D-AEF2-8BCBC807A496}.Debug|x64.Build.0 = Debug|x64
		{CC6F384F-5890-450D-AEF2-8BCBC807A496}.Debug|x86.ActiveCfg = Debug|Win32
		{CC6F384F-5890-450D-AEF2-8BCBC807A496}.Debug|x86.Build.0 = Debug|Win32
		{CC6F384F-5890-450D-AEF2-8BCBC807A496}.Release|Any CPU.ActiveCfg = Release|Win32
		{CC6F384F-5890-450D-AEF2-8BCBC807A496}.Release|x64.ActiveCfg = Release|x64
		{CC6F384F-5890-450D-AEF2-8BCBC807A496}.Release|x64.Build.0 = Release|x64
		{CC6F384F-5890-450D-AEF2-8BCBC807A496}.Release|x86.ActiveCfg = Release|Win32
		{CC6F384F-5890-450D-AEF2-8BCBC807A496}.Release|x86.Build.0 = Release|Win32
		{C419A2DE-1359-4A93-9030-A5F22019915A}.Debug|Any CPU.ActiveCfg = Debug|Win32
		{C419A2DE-1359-4A93-9030-A5F22019915A}.Debug|x64.ActiveCfg = Debug|x64
		{C419A2DE-1359-4A93-9030-A5F22019915A}.Debug|x64.Build.0 = Debug|x64
		{C419A2DE-1359-4A93-9030-A5F22019915A}.Debug|x86.ActiveCfg = Debug|Win32
		{C419A2DE-1359-4A93-9030-A5F22019915A}.Debug|x86.Build.0 = Debug|Win32
		{C419A2DE-1359-4A93-9030-A5F22019915A}.Release|Any CPU.ActiveCfg = Release|Win32
		{C419A2DE-1359-4A93-9030-A5F22019915A}.Release|x64.ActiveCfg = Release|x64
		{C419A2DE-1359-4A93-9030-A5F22019915A}.Release|x64.Build.0 = Release|x64
		{C419A2DE-1359-4A93-9030-A5F22019915A}.Release|x86.ActiveCfg = Release|Win32
		{C419A2DE-1359-4A93-9030-A5F22019915A}.Release|x86.Build.0 = Release|Win32
		{F2B33B49-4295-4E9D-810D-B82BEC95B4A0}.Debug|Any CPU.ActiveCfg = Debug|Win32
		{F2B33B49-4295-4E9D-810D-B82BEC95B4A0}.Debug|x64.ActiveCfg = Debug|x64
		{F2B33B49-4295-4E9D-810D-B82BEC95B4A0}.Debug|x64.Build.0 = Debug|x64
		{F2B33B49-4295-4E9D-810D-B82BEC95B4A0}.Debug|x86.ActiveCfg = Debug|Win32
		{F2B33B49-4295-4E9D-810D-B82BEC95B4A0}.Debug|x86.Build.0 = Debug|Win32
		{F2B33B49-4295-4E9D-810D-B82BEC95B4A0}.Release|Any CPU.ActiveCfg = Release|Win32
		{F2B33B49-4295-4E9D-810D-B82BEC95B4A0}.Release|x64.ActiveCfg = Release|x64
		{F2B33B49-4295-4E9D-810D-B82BEC95B4A0}.Release|x64.Build.0 = Release|x64
		{F2B33B49-4295-4E9D-810D-B82BEC95B4A0}.Release|x86.ActiveCfg = Release|Win32
		{F2B33B49-4295-4E9D-810D-B82BEC95B4A0}.Release|x86.Build.0 = Release|Win32
		{B0FFBE75-A3F3-4417-A65D-37636E56F392}.Debug|Any CPU.ActiveCfg = Debug|Win32
		{B0FFBE75-A3F3-4417-A65D-37636E56F392}.Debug|x64.ActiveCfg = Debug|x64
		{B0FFBE75-A3F3-4417-A65D-37636E56F392}.Debug|x64.Build.0 = Debug|x64
		{B0FFBE75-A3F3-4417-A65D-37636E56F392}.Debug|x86.ActiveCfg = Debug|Win32
		{B0FFBE75-A3F3-4417-A65D-37636E56F392}.Debug|x86.Build.0 = Debug|Win32
		{B0FFBE75-A3F3-4417-A65D-37636E56F392}.Release|Any CPU.ActiveCfg = Release|Win32
		{B0FFBE75-A3F3-4417-A65D-37636E56F392}.Release|x64.ActiveCfg = Release|x64
		{B0FFBE75-A3F3-4417-A65D-37636E56F392}.Release|x64.Build.0 = Release|x64
		{B0FFBE75-A3F3-4417-A65D-37636E56F392}.Release|x86.ActiveCfg = Release|Win32
		{B0FFBE75-A3F3-4417-A65D-37636E56F392}.Release|x86.Build.0 = Release|Win32
		{FC26F660-312C-4D45-B2BD-AC868F9F0218}.Debug|Any CPU.ActiveCfg = Debug|Win32
		{FC26F660-312C-4D45-B2BD-AC868F9F0218}.Debug|x64.ActiveCfg = Debug|x64
		{FC26F660-312C-4D45-B2BD-AC868F9F0218}.Debug|x64.Build.0 = Debug|x64
		{FC26F660-312C-4D45-B2BD-AC868F9F0218}.Debug|x86.ActiveCfg = Debug|Win32
		{FC26F660-312C-4D45-B2BD-AC868F9F0218}.Debug|x86.Build.0 = Debug|Win32
		{FC26F660-312C-4D45-B2BD-AC868F9F0218}.Release|Any CPU.ActiveCfg = Release|Win32
		{FC26F660-312C-4D45-B2BD-AC868F9F0218}.Release|x64.ActiveCfg = Release|x64
		{FC26F660-312C-4D45-B2BD-AC868F9F0218}.Release|x64.Build.0 = Release|x64
		{FC26F660-312C-4D45-B2BD-AC868F9F0218}.Release|x86.ActiveCfg = Release|Win32
		{FC26F660-312C-4D45-B2BD-AC868F9F0218}.Release|x86.Build.0 = Release|Win32
		{1DCE3455-FCC1-4483-8FEE-CC32DBC52FEB}.Debug|Any CPU.ActiveCfg = Debug|Win32
		{1DCE3455-FCC1-4483-8FEE-CC32DBC52FEB}.Debug|x64.ActiveCfg = Debug|x64
		{1DCE3455-FCC1-4483-8FEE-CC32DBC52FEB}.Debug|x64.Build.0 = Debug|x64
		{1DCE3455-FCC1-4483-8FEE-CC32DBC52FEB}.Debug|x86.ActiveCfg = Debug|Win32
		{1DCE3455-FCC1-4483-8FEE-CC32DBC52FEB}.Debug|x86.Build.0 = Debug|Win32
		{1DCE3455-FCC1-4483-8FEE-CC32DBC52FEB}.Release|Any CPU.ActiveCfg = Release|Win32
		{1DCE3455-FCC1-4483-8FEE-CC32DBC52FEB}.Release|x64.ActiveCfg = Release|x64
		{1DCE3455-FCC1-4483-8FEE-CC32DBC52FEB}.Release|x64.Build.0 = Release|x64
		{1DCE3455-FCC1-4483-8FEE-CC32DBC52FEB}.Release|x86.ActiveCfg = Release|Win32
		{1DCE3455-FCC1-4483-8FEE-CC32DBC52FEB}.Release|x86.Build.0 = Release|Win32
		{7EED456F-653A-4E7A-BD9A-6A330E7D8F48}.Debug|Any CPU.ActiveCfg = Debug|Win32
		{7EED456F-653A-4E7A-BD9A-6A330E7D8F48}.Debug|x64.ActiveCfg = Debug|x64
		{7EED456F-653A-4E7A-BD9A-6A330E7D8F48}.Debug|x64.Build.0 = Debug|x64
		{7EED456F-653A-4E7A-BD9A-6A330E7D8F48}.Debug|x86.ActiveCfg = Debug|Win32
		{7EED456F-653A-4E7A-BD9A-6A330E7D8F48}.Debug|x86.Build.0 = Debug|Win32
		{7EED456F-653A-4E7A-BD9A-6A330E7D8F48}.Release|Any CPU.ActiveCfg = Release|Win32
		{7EED456F-653A-4E7A-BD9A-6A330E7D8F48}.Release|x64.ActiveCfg = Release|x64
		{7EED456F-653A-4E7A-BD9A-6A330E7D8F48}.Release|x64.Build.0 = Release|x64
		{7EED456F-653A-4E7A-BD9A-6A330E7D8F48}.Release|x86.ActiveCfg = Release|Win32
		{7EED456F-653A-4E7A-BD9A-6A330E7D8F48}.Release|x86.Build.0 = Release|Win32
		{D605DCBE-6C7D-4BF6-B825-C889864B8035}.Debug|Any CPU.ActiveCfg = Debug|Win32
		{D605DCBE-6C7D-4BF6-B825-C889864B8035}.Debug|x64.ActiveCfg = Debug|x64
		{D605DCBE-6C7D-4BF6-B825-C889864B8035}.Debug|x64.Build.0 = Debug|x64
		{D605DCBE-6C7D-4BF6-B825-C889864B8035}.Debug|x86.ActiveCfg = Debug|Win32
		{D605DCBE-6C7D-4BF6-B825-C889864B8035}.Debug|x86.Build.0 = Debug|Win32
		{D605DCBE-6C7D-4BF6-B825-C889864B8035}.Release|Any CPU.ActiveCfg = Release|Win32
		{D605DCBE-6C7D-4BF6-B825-C889864B8035}.Release|x64.ActiveCfg = Release|x64
		{D605DCBE-6C7D-4BF6-B825-C889864B8035}.Release|x64.Build.0 = Release|x64
		{D605DCBE-6C7D-4BF6-B825-C889864B8035}.Release|x86.ActiveCfg = Release|Win32
		{D605DCBE-6C7D-4BF6-B825-C889864B8035}.Release|x86.Build.0 = Release|Win32
		{BD49A985-BD46-4BBE-B4CC-5B239556DB7B}.Debug|Any CPU.ActiveCfg = Debug|Win32
		{BD49A985-BD46-4BBE-B4CC-5B239556DB7B}.Debug|x64.ActiveCfg = Debug|x64
		{BD49A985-BD46-4BBE-B4CC-5B239556DB7B}.Debug|x64.Build.0 = Debug|x64
		{BD49A985-BD46-4BBE-B4CC-5B239556DB7B}.Debug|x86.ActiveCfg = Debug|Win32
		{BD49A985-BD46-4BBE-B4CC-5B239556DB7B}.Debug|x86.Build.0 = Debug|Win32
		{BD49A985-BD46-4BBE-B4CC-5B239556DB7B}.Release|Any CPU.ActiveCfg = Release|Win32
		{BD49A985-BD46-4BBE-B4CC-5B239556DB7B}.Release|x64.ActiveCfg = Release|x64
		{BD49A985-BD46-4BBE-B4CC-5B239556DB7B}.Release|x64.Build.0 = Release|x64
		{BD49A985-BD46-4BBE-B4CC-5B239556DB7B}.Release|x86.ActiveCfg = Release|Win32
		{BD49A985-BD46-4BBE-B4CC-5B239556DB7B}.Release|x86.Build.0 = Release|Win32
		{CDDFB4D1-AD7E-4511-9D48-A5FD16E8F2FF}.Debug|Any CPU.ActiveCfg = Debug|Win32
		{CDDFB4D1-AD7E-4511-9D48-A5FD16E8F2FF}.Debug|x64.ActiveCfg = Debug|x64
		{CDDFB4D1-AD7E-4511-9D48-A5FD16E8F2FF}.Debug|x64.Build.0 = Debug|x64
		{CDDFB4D1-AD7E-4511-9D48-A5FD16E8F2FF}.Debug|x86.ActiveCfg = Debug|Win32
		{CDDFB4D1-AD7E-4511-9D48-A5FD16E8F2FF}.Debug|x86.Build.0 = Debug|Win32
		{CDDFB4D1-AD7E-4511-9D48-A5FD16E8F2FF}.Release|Any CPU.ActiveCfg = Release|Win32
		{CDDFB4D1-AD7E-4511-9D48-A5FD16E8F2FF}.Release|x64.ActiveCfg = Release|x64
		{CDDFB4D1-AD7E-4511-9D48-A5FD16E8F2FF}.Release|x64.Build.0 = Release|x64
		{CDDFB4D1-AD7E-4511-9D48-A5FD16E8F2FF}.Release|x86.ActiveCfg = Release|Win32
		{CDDFB4D1-AD7E-4511-9D48-A5FD16E8F2FF}.Release|x86.Build.0 = Release|Win32
	EndGlobalSection
	GlobalSection(SolutionProperties) = preSolution
		HideSolutionNode = FALSE
	EndGlobalSection
	GlobalSection(ExtensibilityGlobals) = postSolution
		SolutionGuid = {06823178-6D32-4CEA-9948-BB0AB6030AAB}
	EndGlobalSection
EndGlobal
